
Microsoft Visual Studio Solution File, Format Version 12.00
# Visual Studio Version 17
VisualStudioVersion = 17.2.32630.192
MinimumVisualStudioVersion = 10.0.40219.1
Project("{9A19103F-16F7-4668-BE54-9A1E7A4F7556}") = "GeocomplexCore", "GeocomplexCore\GeocomplexCore.csproj", "{275F82F6-3CA0-4B98-BC54-4BD7DC953EDB}"
EndProject
Project("{9A19103F-16F7-4668-BE54-9A1E7A4F7556}") = "GeocomplexCore.DAL", "GeocomplexCore.BD\GeocomplexCore.DAL.csproj", "{A4935338-A9C5-4E73-AEFB-43B229D87993}"
EndProject
Global
	GlobalSection(SolutionConfigurationPlatforms) = preSolution
		Debug|Any CPU = Debug|Any CPU
		Release|Any CPU = Release|Any CPU
	EndGlobalSection
	GlobalSection(ProjectConfigurationPlatforms) = postSolution
		{275F82F6-3CA0-4B98-BC54-4BD7DC953EDB}.Debug|Any CPU.ActiveCfg = Debug|Any CPU
		{275F82F6-3CA0-4B98-BC54-4BD7DC953EDB}.Debug|Any CPU.Build.0 = Debug|Any CPU
		{275F82F6-3CA0-4B98-BC54-4BD7DC953EDB}.Release|Any CPU.ActiveCfg = Release|Any CPU
		{275F82F6-3CA0-4B98-BC54-4BD7DC953EDB}.Release|Any CPU.Build.0 = Release|Any CPU
		{A4935338-A9C5-4E73-AEFB-43B229D87993}.Debug|Any CPU.ActiveCfg = Debug|Any CPU
		{A4935338-A9C5-4E73-AEFB-43B229D87993}.Debug|Any CPU.Build.0 = Debug|Any CPU
		{A4935338-A9C5-4E73-AEFB-43B229D87993}.Release|Any CPU.ActiveCfg = Release|Any CPU
		{A4935338-A9C5-4E73-AEFB-43B229D87993}.Release|Any CPU.Build.0 = Release|Any CPU
	EndGlobalSection
	GlobalSection(SolutionProperties) = preSolution
		HideSolutionNode = FALSE
	EndGlobalSection
	GlobalSection(ExtensibilityGlobals) = postSolution
		SolutionGuid = {BD73124C-FBA8-41B5-B0D0-E0F05E5FA190}
	EndGlobalSection
EndGlobal
